
Microsoft Visual Studio Solution File, Format Version 12.00
# Visual Studio Version 16
VisualStudioVersion = 16.0.31112.23
MinimumVisualStudioVersion = 10.0.40219.1
Project("{9092AA53-FB77-4645-B42D-1CCCA6BD08BD}") = "teddy-web-backend", "teddy-web-backend\teddy-web-backend.njsproj", "{ACF5A24C-BB70-4234-A9A6-0F54DF2C43A4}"
EndProject
Global
	GlobalSection(SolutionConfigurationPlatforms) = preSolution
		Debug|Any CPU = Debug|Any CPU
		Release|Any CPU = Release|Any CPU
	EndGlobalSection
	GlobalSection(ProjectConfigurationPlatforms) = postSolution
		{ACF5A24C-BB70-4234-A9A6-0F54DF2C43A4}.Debug|Any CPU.ActiveCfg = Debug|Any CPU
		{ACF5A24C-BB70-4234-A9A6-0F54DF2C43A4}.Debug|Any CPU.Build.0 = Debug|Any CPU
		{ACF5A24C-BB70-4234-A9A6-0F54DF2C43A4}.Release|Any CPU.ActiveCfg = Release|Any CPU
		{ACF5A24C-BB70-4234-A9A6-0F54DF2C43A4}.Release|Any CPU.Build.0 = Release|Any CPU
	EndGlobalSection
	GlobalSection(SolutionProperties) = preSolution
		HideSolutionNode = FALSE
	EndGlobalSection
	GlobalSection(ExtensibilityGlobals) = postSolution
		SolutionGuid = {F925B8ED-E450-44E2-9F8C-B8A5A6751E2E}
	EndGlobalSection
EndGlobal
